
Microsoft Visual Studio Solution File, Format Version 12.00
# Visual Studio Version 17
VisualStudioVersion = 17.9.34407.89
MinimumVisualStudioVersion = 10.0.40219.1
Project("{9A19103F-16F7-4668-BE54-9A1E7A4F7556}") = "BlazorAppWithIdentity", "BlazorAppWithIdentity.csproj", "{8454371F-8A16-4475-8AFB-41D2F33A481B}"
EndProject
Global
	GlobalSection(SolutionConfigurationPlatforms) = preSolution
		Debug|Any CPU = Debug|Any CPU
		Release|Any CPU = Release|Any CPU
	EndGlobalSection
	GlobalSection(ProjectConfigurationPlatforms) = postSolution
		{8454371F-8A16-4475-8AFB-41D2F33A481B}.Debug|Any CPU.ActiveCfg = Debug|Any CPU
		{8454371F-8A16-4475-8AFB-41D2F33A481B}.Debug|Any CPU.Build.0 = Debug|Any CPU
		{8454371F-8A16-4475-8AFB-41D2F33A481B}.Release|Any CPU.ActiveCfg = Release|Any CPU
		{8454371F-8A16-4475-8AFB-41D2F33A481B}.Release|Any CPU.Build.0 = Release|Any CPU
	EndGlobalSection
	GlobalSection(SolutionProperties) = preSolution
		HideSolutionNode = FALSE
	EndGlobalSection
	GlobalSection(ExtensibilityGlobals) = postSolution
		SolutionGuid = {CA75AD5A-4A55-4F9A-8982-F79FE6693A6A}
	EndGlobalSection
EndGlobal
